# This file was autogenerated by Stack.
# You should not edit this file by hand.
# For more information, please see the documentation at:
#   https://docs.haskellstack.org/en/stable/lock_files

packages:
- completed:
    subdir: reactive-banana
    name: reactive-banana
    version: 1.2.1.0
    git: https://github.com/PaulJohnson/reactive-banana.git
    pantry-tree:
      size: 4453
      sha256: c6251811216243e51aae920317802a5e31d9d22881b5375ef0b04adb702ea463
    commit: 684dd9eeabfaa66928d51515634bae0e53d3773c
  original:
    subdir: reactive-banana
    git: https://github.com/PaulJohnson/reactive-banana.git
    commit: 684dd9eeabfaa66928d51515634bae0e53d3773c
- completed:
    hackage: javascript-bridge-0.2.0@sha256:851bf3abef5b7ee66dc2019d818288d9ea4dbeb8bc90de92eca75d08a5db6eec,3242
    pantry-tree:
      size: 753
      sha256: a516002d05f3b2ba83d020e5c2370d9d462446853bdd9948810d5627e269fa7a
  original:
    hackage: javascript-bridge-0.2.0
- completed:
    hackage: cascading-0.1.0@sha256:53e76fce91858546d4eceebaa25d9ce5850506e6ddab39691e42402db6127ce8,2854
    pantry-tree:
      size: 1103
      sha256: 45c450b13a347eace8dd11ca0a88df9243d6eda95cd4c62146c0967c454d3157
  original:
    hackage: cascading-0.1.0
- completed:
    hackage: cipher-aes128-0.7.0.5@sha256:95c6327b0c93839f56e74cace17d9b85292214975bac9e8b7c13ebb725ba3856,3777
    pantry-tree:
      size: 1232
      sha256: af923f62ac037ef55c67ab8d1d98a3c1d020623ca9c97143e553f7a90f75e888
  original:
    hackage: cipher-aes128-0.7.0.5
- completed:
    hackage: DRBG-0.5.5@sha256:3b8040bed356e2b63927a27fb6d5adbd19d70c9e1d1bb66111bbeb33e56900eb,2259
    pantry-tree:
      size: 896
      sha256: 586ee2257b255cb7f2a3663711199f9de9e70445ce7cb192f5af07dd66eadac2
  original:
    hackage: DRBG-0.5.5
- completed:
    hackage: gi-cairo-connector-0.1.0@sha256:a79c34c4f22f81a938c5835f623de55fdf1f0f08435897bad68f58e01ffd1464,1213
    pantry-tree:
      size: 238
      sha256: 4414eca6922175779e3ec5d0eb932ee0d10307217a32ff6671a8f5efdd1bc4f0
  original:
    hackage: gi-cairo-connector-0.1.0
- completed:
    hackage: gi-cairo-render-0.1.0@sha256:cb27b31b373c55c5b384a331e439d1ebc2fb3e02c8a58c9bfb83218d5467af2b,3553
    pantry-tree:
      size: 1655
      sha256: 5cf0f21a23e2d49a50b0f46078890160d982469ff108d7a142eefa165347dc32
  original:
    hackage: gi-cairo-render-0.1.0
- completed:
    hackage: image-type-0.1.0.0@sha256:47033c893690f2cea85ba867343f277a8e2594f9010a5466a39dc7f3c4d682f2,1676
    pantry-tree:
      size: 213
      sha256: b5fdbe4fad60e5e48fc972667ae84db4ecf62a9f9f979abf4888235baa776819
  original:
    hackage: image-type-0.1.0.0
- completed:
    hackage: web-routes-0.27.14.3@sha256:7d2f62e6bbc3687bdb95a190073f2edd5f4ad8de2ba28233dd62b3720da01c92,1947
    pantry-tree:
      size: 568
      sha256: b24835ce25a6338ae0c2a36a7324698073f52c0573fcec0c18983fa2a9ba8272
  original:
    hackage: web-routes-0.27.14.3
snapshots:
- completed:
    size: 590102
    url: https://raw.githubusercontent.com/commercialhaskell/stackage-snapshots/master/lts/18/27.yaml
    sha256: 79a786674930a89301b0e908fad2822a48882f3d01486117693c377b8edffdbe
  original: lts-18.27
