# This file was autogenerated by Stack.
# You should not edit this file by hand.
# For more information, please see the documentation at:
#   https://docs.haskellstack.org/en/stable/lock_files

packages:
- completed:
    hackage: cairo-0.13.8.1@sha256:1938aaeb5d3504678d995774dfe870f6b66cbd43d336b692fa8779b23b2b67a9,4075
    pantry-tree:
      size: 2830
      sha256: 8f6344da4c578a4dd3a49c333e2158b695bfae32a74d34a76bbc6e531b70c95c
  original:
    hackage: cairo-0.13.8.1
- completed:
    hackage: cipher-aes128-0.7.0.5@sha256:95c6327b0c93839f56e74cace17d9b85292214975bac9e8b7c13ebb725ba3856,3777
    pantry-tree:
      size: 1232
      sha256: af923f62ac037ef55c67ab8d1d98a3c1d020623ca9c97143e553f7a90f75e888
  original:
    hackage: cipher-aes128-0.7.0.5
- completed:
    hackage: DRBG-0.5.5@sha256:3b8040bed356e2b63927a27fb6d5adbd19d70c9e1d1bb66111bbeb33e56900eb,2259
    pantry-tree:
      size: 896
      sha256: 586ee2257b255cb7f2a3663711199f9de9e70445ce7cb192f5af07dd66eadac2
  original:
    hackage: DRBG-0.5.5
- completed:
    hackage: gi-cairo-connector-0.1.0@sha256:a79c34c4f22f81a938c5835f623de55fdf1f0f08435897bad68f58e01ffd1464,1213
    pantry-tree:
      size: 238
      sha256: 4414eca6922175779e3ec5d0eb932ee0d10307217a32ff6671a8f5efdd1bc4f0
  original:
    hackage: gi-cairo-connector-0.1.0
- completed:
    hackage: gi-cairo-render-0.1.0@sha256:cb27b31b373c55c5b384a331e439d1ebc2fb3e02c8a58c9bfb83218d5467af2b,3553
    pantry-tree:
      size: 1655
      sha256: 5cf0f21a23e2d49a50b0f46078890160d982469ff108d7a142eefa165347dc32
  original:
    hackage: gi-cairo-render-0.1.0
- completed:
    hackage: gi-pangocairo-1.0.25@sha256:eff4958a052184b717ecd6af75bc9ce5430cb6bc9d1822ef8f41cbad9dcbb619,3155
    pantry-tree:
      size: 370
      sha256: a5c9c6669d8e274150779366ace7c6f17cac21ca394703fdb496b0590ea45fa4
  original:
    hackage: gi-pangocairo-1.0.25
- completed:
    hackage: gi-rsvg-2.0.2@sha256:a6c541dff730cc3a6e1d2a5dc0b5c56b90300704f477f38cf957aa7da0eb0729,3649
    pantry-tree:
      size: 356
      sha256: 08855d907305c84cfcb2236ba65def58f601a86274d2587d2b56e0176b7fb176
  original:
    hackage: gi-rsvg-2.0.2
- completed:
    hackage: hjpath-3.0.1@sha256:3e53da08892308b1ff0622ca7ac9fc0084346ecd891e10b78df7fda20da10f9e,527
    pantry-tree:
      size: 208
      sha256: 8dbe34a0810318cf4a81018d3c291d13ed254579170111b72ff377d15fe9586b
  original:
    hackage: hjpath-3.0.1
- completed:
    hackage: hjson-1.3.2@sha256:3f8d4a582efbbd4265ab6035a71efa13aa3fc85e71e556c5613e5c9da0e8e325,456
    pantry-tree:
      size: 263
      sha256: c3770f03b0e996351d00de8b5ec156fd0809aae0708374cb2564dbf36d556da4
  original:
    hackage: hjson-1.3.2
- completed:
    hackage: javascript-bridge-0.2.0@sha256:851bf3abef5b7ee66dc2019d818288d9ea4dbeb8bc90de92eca75d08a5db6eec,3242
    pantry-tree:
      size: 753
      sha256: a516002d05f3b2ba83d020e5c2370d9d462446853bdd9948810d5627e269fa7a
  original:
    hackage: javascript-bridge-0.2.0
- completed:
    hackage: kansas-comet-0.4@sha256:72330f1953abed85fc306ace742d975296a3b3a806c9db90dc793161b60c2846,1737
    pantry-tree:
      size: 383
      sha256: b93fb744a9979ae6e8638a02711f9222cfd1d0d7d8559a188ba8d87f80ec9313
  original:
    hackage: kansas-comet-0.4
- completed:
    hackage: lens-xml-0.1.0.0@sha256:5e9b888e270e22fee6210c9a6f329e31e80d4c0a54d064ef29ef969bc443b21d,1187
    pantry-tree:
      size: 271
      sha256: 803b3da6bb6707baab036fc7be2528439adc1a2b068c320461884ce5cfcc3cd8
  original:
    hackage: lens-xml-0.1.0.0
- completed:
    subdir: reactive-banana
    name: reactive-banana
    version: 1.2.1.0
    git: https://github.com/PaulJohnson/reactive-banana.git
    pantry-tree:
      size: 4453
      sha256: c6251811216243e51aae920317802a5e31d9d22881b5375ef0b04adb702ea463
    commit: 684dd9eeabfaa66928d51515634bae0e53d3773c
  original:
    subdir: reactive-banana
    git: https://github.com/PaulJohnson/reactive-banana.git
    commit: 684dd9eeabfaa66928d51515634bae0e53d3773c
- completed:
    hackage: QuickCheck-GenT-0.2.2@sha256:a07dbc72e88bb27fcd0946cc51f5204d616114decfb3a67957bf4b56c7fea1fb,1435
    pantry-tree:
      size: 293
      sha256: fd2bc1a0b05e40e35ad34a94759f499eff5da5b3a73c0a991483b0e4d3c7ede5
  original:
    hackage: QuickCheck-GenT-0.2.2
- completed:
    hackage: regex-posix-clib-2.7@sha256:998fca06da3d719818f0691ef0b8b9b7375afeea228cb08bd9e2db53f96b0cd7,1232
    pantry-tree:
      size: 524
      sha256: 5bf20952472d930323766d250f5fbbe3fe6f2cd3d931e5cf7b62a238ab2099ff
  original:
    hackage: regex-posix-clib-2.7
- completed:
    hackage: text-icu-0.7.1.0@sha256:44e8b5966fcf61356a7356f3d2e8a5c5cc538170a15e94ff7b79b9f48ce9fd2f,3497
    pantry-tree:
      size: 2307
      sha256: 334a1d7fa81b10fc8bb66abd47b07b50830328c5dc09737294133e63a2efcbed
  original:
    hackage: text-icu-0.7.1.0
snapshots:
- completed:
    size: 590102
    url: https://raw.githubusercontent.com/commercialhaskell/stackage-snapshots/master/lts/18/27.yaml
    sha256: 79a786674930a89301b0e908fad2822a48882f3d01486117693c377b8edffdbe
  original: lts-18.27
